# This file is automatically @generated by Veryl.
# It is not intended for manual editing.
version = 1

[[projects]]
name = "jtag_registers"

[projects.source]
uuid = "128925ca-10f1-544f-a0f2-eef836762e6b"
url = "https://github.com/onsdagens/jtag-registers-veryl"
path = ""
project = "jtag_registers"
version = "0.1.1"
revision = "234a0f6a2b4c2a830395860795e99ad7841cb50b"

[[projects.dependencies]]
name = "tap_controller"

[projects.dependencies.source]
uuid = "1abec0f2-374d-5218-a8f6-71a447667771"
url = "https://github.com/onsdagens/tap-controller-veryl.git"
path = ""
project = "tap_controller"
version = "0.1.0"
revision = "e2d6aa775927f4c09d3cd264ad9e521be11764dd"

[[projects]]
name = "tap_controller"
dependencies = []

[projects.source]
uuid = "0e49937b-63f6-5b96-af9e-274763999a8e"
url = "https://github.com/onsdagens/tap-controller-veryl"
path = ""
project = "tap_controller"
version = "0.1.0"
revision = "e2d6aa775927f4c09d3cd264ad9e521be11764dd"

[[projects]]
name = "tap_controller_0"
dependencies = []

[projects.source]
uuid = "1abec0f2-374d-5218-a8f6-71a447667771"
url = "https://github.com/onsdagens/tap-controller-veryl.git"
path = ""
project = "tap_controller"
version = "0.1.0"
revision = "e2d6aa775927f4c09d3cd264ad9e521be11764dd"
