# This file is automatically @generated by Veryl.
# It is not intended for manual editing.
version = 1

[[projects]]
name = "veryl_jtag"
source = "./veryl-jtag/"

[[projects.dependencies]]
name = "tap_controller"
source = "./veryl-jtag/tap-controller/"

[[projects.dependencies]]
name = "jtag_vr"
source = "./veryl-jtag/jtag-vr/"

[[projects]]
name = "jtag_vr"
source = "./veryl-jtag/jtag-vr/"
dependencies = []

[[projects]]
name = "tap_controller"
source = "./veryl-jtag/tap-controller/"
dependencies = []
